{
  "name": "birs",
  "lockfileVersion": 3,
  "requires": true,
  "packages": {
    "": {
      "dependencies": {
        "mapbox": "^1.0.0-beta10"
      }
    },
    "node_modules/es6-promise": {
      "version": "4.2.8",
      "resolved": "https://registry.npmjs.org/es6-promise/-/es6-promise-4.2.8.tgz",
      "integrity": "sha512-HJDGx5daxeIvxdBxvG2cb9g4tEvwIk3i8+nhX0yGrYmZUzbkdg8QbDevheDB8gd0//uPj4c1EQua8Q+MViT0/w==",
      "license": "MIT"
    },
    "node_modules/mapbox": {
      "version": "1.0.0-beta10",
      "resolved": "https://registry.npmjs.org/mapbox/-/mapbox-1.0.0-beta10.tgz",
      "integrity": "sha512-2goOXWE4r7dIYlol0xrReJD1s4l8rTBVTQ2/pcZv5tLnxPWIh8RT3cEDN3cDzDQMpsbQhgNgd7icRZSBL9WkxQ==",
      "license": "ISC",
      "dependencies": {
        "es6-promise": "^4.0.5",
        "rest": "^2.0.0"
      }
    },
    "node_modules/rest": {
      "version": "2.0.0",
      "resolved": "https://registry.npmjs.org/rest/-/rest-2.0.0.tgz",
      "integrity": "sha512-MmTKuTuLVARHNnpL1jJjohscJcY3vsaKNz+b2J5v32BcjIVyimKrNv8r8uygeFp9gf8Cm1erhxypdzRFFEPZOA==",
      "license": "MIT"
    }
  }
}
